
Microsoft Visual Studio Solution File, Format Version 12.00
# Visual Studio Version 17
VisualStudioVersion = 17.5.33424.131
MinimumVisualStudioVersion = 10.0.40219.1
Project("{9A19103F-16F7-4668-BE54-9A1E7A4F7556}") = "StudentMarket.API", "StudentMarket.API\StudentMarket.API.csproj", "{D773C04A-7C0B-4910-A7C0-2C26B666A83E}"
EndProject
Project("{9A19103F-16F7-4668-BE54-9A1E7A4F7556}") = "StudentMarket.Common", "StudentMarket.Common\StudentMarket.Common.csproj", "{7175AABC-6819-4D42-B93A-D67E71FA11EC}"
EndProject
Project("{9A19103F-16F7-4668-BE54-9A1E7A4F7556}") = "StudentMarket.DL", "StudentMarket.DL\StudentMarket.DL.csproj", "{582CF1DA-EAA5-484C-B52B-89EF4EE385FC}"
EndProject
Project("{9A19103F-16F7-4668-BE54-9A1E7A4F7556}") = "StudentMarket.BL", "StudentMarketBL\StudentMarket.BL.csproj", "{21B27FED-B5B4-4BD8-AD07-FF44ED6E204A}"
EndProject
Global
	GlobalSection(SolutionConfigurationPlatforms) = preSolution
		Debug|Any CPU = Debug|Any CPU
		Release|Any CPU = Release|Any CPU
	EndGlobalSection
	GlobalSection(ProjectConfigurationPlatforms) = postSolution
		{D773C04A-7C0B-4910-A7C0-2C26B666A83E}.Debug|Any CPU.ActiveCfg = Debug|Any CPU
		{D773C04A-7C0B-4910-A7C0-2C26B666A83E}.Debug|Any CPU.Build.0 = Debug|Any CPU
		{D773C04A-7C0B-4910-A7C0-2C26B666A83E}.Release|Any CPU.ActiveCfg = Release|Any CPU
		{D773C04A-7C0B-4910-A7C0-2C26B666A83E}.Release|Any CPU.Build.0 = Release|Any CPU
		{7175AABC-6819-4D42-B93A-D67E71FA11EC}.Debug|Any CPU.ActiveCfg = Debug|Any CPU
		{7175AABC-6819-4D42-B93A-D67E71FA11EC}.Debug|Any CPU.Build.0 = Debug|Any CPU
		{7175AABC-6819-4D42-B93A-D67E71FA11EC}.Release|Any CPU.ActiveCfg = Release|Any CPU
		{7175AABC-6819-4D42-B93A-D67E71FA11EC}.Release|Any CPU.Build.0 = Release|Any CPU
		{582CF1DA-EAA5-484C-B52B-89EF4EE385FC}.Debug|Any CPU.ActiveCfg = Debug|Any CPU
		{582CF1DA-EAA5-484C-B52B-89EF4EE385FC}.Debug|Any CPU.Build.0 = Debug|Any CPU
		{582CF1DA-EAA5-484C-B52B-89EF4EE385FC}.Release|Any CPU.ActiveCfg = Release|Any CPU
		{582CF1DA-EAA5-484C-B52B-89EF4EE385FC}.Release|Any CPU.Build.0 = Release|Any CPU
		{21B27FED-B5B4-4BD8-AD07-FF44ED6E204A}.Debug|Any CPU.ActiveCfg = Debug|Any CPU
		{21B27FED-B5B4-4BD8-AD07-FF44ED6E204A}.Debug|Any CPU.Build.0 = Debug|Any CPU
		{21B27FED-B5B4-4BD8-AD07-FF44ED6E204A}.Release|Any CPU.ActiveCfg = Release|Any CPU
		{21B27FED-B5B4-4BD8-AD07-FF44ED6E204A}.Release|Any CPU.Build.0 = Release|Any CPU
	EndGlobalSection
	GlobalSection(SolutionProperties) = preSolution
		HideSolutionNode = FALSE
	EndGlobalSection
	GlobalSection(ExtensibilityGlobals) = postSolution
		SolutionGuid = {3520D17F-2E95-4C98-B1E7-05BFA23E8CBE}
	EndGlobalSection
EndGlobal
